
Microsoft Visual Studio Solution File, Format Version 12.00
# Visual Studio Version 16
VisualStudioVersion = 25.0.1706.7
MinimumVisualStudioVersion = 10.0.40219.1
Project("{FAE04EC0-301F-11D3-BF4B-00C04F79EFBC}") = "MVC", "MVC\MVC.csproj", "{74F13ACF-9A06-4F74-8417-B291248D6A94}"
EndProject
Project("{FAE04EC0-301F-11D3-BF4B-00C04F79EFBC}") = "DataAccess", "DataAccess\DataAccess.csproj", "{61135461-E6CD-477A-B2BA-874A97F89611}"
EndProject
Project("{FAE04EC0-301F-11D3-BF4B-00C04F79EFBC}") = "Business", "Business\Business.csproj", "{7E128755-FE4F-4994-AD4E-C6ECE5858A36}"
EndProject
Global
	GlobalSection(SolutionConfigurationPlatforms) = preSolution
		Debug|Any CPU = Debug|Any CPU
		Release|Any CPU = Release|Any CPU
	EndGlobalSection
	GlobalSection(ProjectConfigurationPlatforms) = postSolution
		{74F13ACF-9A06-4F74-8417-B291248D6A94}.Debug|Any CPU.ActiveCfg = Debug|Any CPU
		{74F13ACF-9A06-4F74-8417-B291248D6A94}.Debug|Any CPU.Build.0 = Debug|Any CPU
		{74F13ACF-9A06-4F74-8417-B291248D6A94}.Release|Any CPU.ActiveCfg = Release|Any CPU
		{74F13ACF-9A06-4F74-8417-B291248D6A94}.Release|Any CPU.Build.0 = Release|Any CPU
		{61135461-E6CD-477A-B2BA-874A97F89611}.Debug|Any CPU.ActiveCfg = Debug|Any CPU
		{61135461-E6CD-477A-B2BA-874A97F89611}.Debug|Any CPU.Build.0 = Debug|Any CPU
		{61135461-E6CD-477A-B2BA-874A97F89611}.Release|Any CPU.ActiveCfg = Release|Any CPU
		{61135461-E6CD-477A-B2BA-874A97F89611}.Release|Any CPU.Build.0 = Release|Any CPU
		{7E128755-FE4F-4994-AD4E-C6ECE5858A36}.Debug|Any CPU.ActiveCfg = Debug|Any CPU
		{7E128755-FE4F-4994-AD4E-C6ECE5858A36}.Debug|Any CPU.Build.0 = Debug|Any CPU
		{7E128755-FE4F-4994-AD4E-C6ECE5858A36}.Release|Any CPU.ActiveCfg = Release|Any CPU
		{7E128755-FE4F-4994-AD4E-C6ECE5858A36}.Release|Any CPU.Build.0 = Release|Any CPU
	EndGlobalSection
	GlobalSection(SolutionProperties) = preSolution
		HideSolutionNode = FALSE
	EndGlobalSection
	GlobalSection(ExtensibilityGlobals) = postSolution
		SolutionGuid = {25BBBD5E-EEC5-4E22-8E7D-C7E9FC71CE24}
	EndGlobalSection
EndGlobal
